
Microsoft Visual Studio Solution File, Format Version 12.00
# Visual Studio Version 17
VisualStudioVersion = 17.2.32516.85
MinimumVisualStudioVersion = 10.0.40219.1
Project("{9A19103F-16F7-4668-BE54-9A1E7A4F7556}") = "Homework1", "Homework1\Homework1.csproj", "{660A4DC1-C7C7-43F9-878B-BD87B955B427}"
EndProject
Project("{9A19103F-16F7-4668-BE54-9A1E7A4F7556}") = "Homework2", "Homework2\Homework2.csproj", "{59B9A3A9-78D9-4D3C-99E6-121F1CD6EC92}"
EndProject
Project("{9A19103F-16F7-4668-BE54-9A1E7A4F7556}") = "Homework3", "Homework3\Homework3.csproj", "{9C29C165-03EB-4507-B01A-2E3C98552AFC}"
EndProject
Project("{9A19103F-16F7-4668-BE54-9A1E7A4F7556}") = "Homework4", "Homework4\Homework4.csproj", "{A9BFAD21-A4DF-4A66-B87A-6BFEFDA6F1A6}"
EndProject
Project("{9A19103F-16F7-4668-BE54-9A1E7A4F7556}") = "Homework5", "Homework5\Homework5.csproj", "{07ECB967-9B54-40B1-90A2-C337D754C7EF}"
EndProject
Project("{FAE04EC0-301F-11D3-BF4B-00C04F79EFBC}") = "Homework6", "Homework6\Homework6.csproj", "{83594083-A8BD-4C90-ACB9-7D12A1287740}"
EndProject
Global
	GlobalSection(SolutionConfigurationPlatforms) = preSolution
		Debug|Any CPU = Debug|Any CPU
		Release|Any CPU = Release|Any CPU
	EndGlobalSection
	GlobalSection(ProjectConfigurationPlatforms) = postSolution
		{660A4DC1-C7C7-43F9-878B-BD87B955B427}.Debug|Any CPU.ActiveCfg = Debug|Any CPU
		{660A4DC1-C7C7-43F9-878B-BD87B955B427}.Debug|Any CPU.Build.0 = Debug|Any CPU
		{660A4DC1-C7C7-43F9-878B-BD87B955B427}.Release|Any CPU.ActiveCfg = Release|Any CPU
		{660A4DC1-C7C7-43F9-878B-BD87B955B427}.Release|Any CPU.Build.0 = Release|Any CPU
		{59B9A3A9-78D9-4D3C-99E6-121F1CD6EC92}.Debug|Any CPU.ActiveCfg = Debug|Any CPU
		{59B9A3A9-78D9-4D3C-99E6-121F1CD6EC92}.Debug|Any CPU.Build.0 = Debug|Any CPU
		{59B9A3A9-78D9-4D3C-99E6-121F1CD6EC92}.Release|Any CPU.ActiveCfg = Release|Any CPU
		{59B9A3A9-78D9-4D3C-99E6-121F1CD6EC92}.Release|Any CPU.Build.0 = Release|Any CPU
		{9C29C165-03EB-4507-B01A-2E3C98552AFC}.Debug|Any CPU.ActiveCfg = Debug|Any CPU
		{9C29C165-03EB-4507-B01A-2E3C98552AFC}.Debug|Any CPU.Build.0 = Debug|Any CPU
		{9C29C165-03EB-4507-B01A-2E3C98552AFC}.Release|Any CPU.ActiveCfg = Release|Any CPU
		{9C29C165-03EB-4507-B01A-2E3C98552AFC}.Release|Any CPU.Build.0 = Release|Any CPU
		{A9BFAD21-A4DF-4A66-B87A-6BFEFDA6F1A6}.Debug|Any CPU.ActiveCfg = Debug|Any CPU
		{A9BFAD21-A4DF-4A66-B87A-6BFEFDA6F1A6}.Debug|Any CPU.Build.0 = Debug|Any CPU
		{A9BFAD21-A4DF-4A66-B87A-6BFEFDA6F1A6}.Release|Any CPU.ActiveCfg = Release|Any CPU
		{A9BFAD21-A4DF-4A66-B87A-6BFEFDA6F1A6}.Release|Any CPU.Build.0 = Release|Any CPU
		{07ECB967-9B54-40B1-90A2-C337D754C7EF}.Debug|Any CPU.ActiveCfg = Debug|Any CPU
		{07ECB967-9B54-40B1-90A2-C337D754C7EF}.Debug|Any CPU.Build.0 = Debug|Any CPU
		{07ECB967-9B54-40B1-90A2-C337D754C7EF}.Release|Any CPU.ActiveCfg = Release|Any CPU
		{07ECB967-9B54-40B1-90A2-C337D754C7EF}.Release|Any CPU.Build.0 = Release|Any CPU
		{83594083-A8BD-4C90-ACB9-7D12A1287740}.Debug|Any CPU.ActiveCfg = Debug|Any CPU
		{83594083-A8BD-4C90-ACB9-7D12A1287740}.Debug|Any CPU.Build.0 = Debug|Any CPU
		{83594083-A8BD-4C90-ACB9-7D12A1287740}.Release|Any CPU.ActiveCfg = Release|Any CPU
		{83594083-A8BD-4C90-ACB9-7D12A1287740}.Release|Any CPU.Build.0 = Release|Any CPU
	EndGlobalSection
	GlobalSection(SolutionProperties) = preSolution
		HideSolutionNode = FALSE
	EndGlobalSection
	GlobalSection(ExtensibilityGlobals) = postSolution
		SolutionGuid = {FE8651A5-DAA4-4638-AA47-38FA6533882D}
	EndGlobalSection
EndGlobal
